# This file is automatically @generated by Cargo.
# It is not intended for manual editing.
version = 4

[[package]]
name = "archcrypt"
version = "0.1.0"
dependencies = [
 "revparse",
]

[[package]]
name = "revparse"
version = "1.2.8"
source = "registry+https://github.com/rust-lang/crates.io-index"
checksum = "338977e5d278dd8a5b8f5b7a8f97e58152e2cb0a26bff04eef708a9f3293ad12"
